{
    "name": "jsql-neo",
    "version": "4.3.0",
    "lockfileVersion": 3,
    "requires": true,
    "packages": {
        "": {
            "name": "jsql-neo",
            "version": "4.3.0",
            "hasInstallScript": true,
            "license": "Apache-2.0",
            "dependencies": {
                "@vexify-org/yaggs": "^8.1.0"
            },
            "engines": {
                "node": ">=14.0.0"
            }
        },
        "node_modules/@vexify-org/yaggs": {
            "version": "8.1.0",
            "resolved": "https://registry.npmjs.org/@vexify-org/yaggs/-/yaggs-8.1.0.tgz",
            "integrity": "sha512-8DB6DAp/Mv/FpUfZPJZoX/ipBS+7TgW4AX0gBYQki/pjAJZYDBTz+dicfNLNG6KcRNV39OzS+upD+AwM9NSCGw==",
            "license": "Apache-2.0"
        }
    }
}
